
Microsoft Visual Studio Solution File, Format Version 12.00
# Visual Studio Version 16
VisualStudioVersion = 16.0.30204.135
MinimumVisualStudioVersion = 10.0.40219.1
Project("{FAE04EC0-301F-11D3-BF4B-00C04F79EFBC}") = "HMS.Android", "HMS.Android\HMS.Android.csproj", "{8A08432E-BC44-4594-A8E8-E0A17DD2480E}"
EndProject
Project("{FAE04EC0-301F-11D3-BF4B-00C04F79EFBC}") = "HMS.iOS", "HMS.iOS\HMS.iOS.csproj", "{26ECA24B-C990-4B15-A901-0ADCF547A6D2}"
EndProject
Project("{FAE04EC0-301F-11D3-BF4B-00C04F79EFBC}") = "HMS", "HMS\HMS.csproj", "{53067CC5-7DC1-4882-B3DB-104913118357}"
EndProject
Global
	GlobalSection(SolutionConfigurationPlatforms) = preSolution
		Debug|Any CPU = Debug|Any CPU
		Debug|iPhone = Debug|iPhone
		Debug|iPhoneSimulator = Debug|iPhoneSimulator
		Release|Any CPU = Release|Any CPU
		Release|iPhone = Release|iPhone
		Release|iPhoneSimulator = Release|iPhoneSimulator
	EndGlobalSection
	GlobalSection(ProjectConfigurationPlatforms) = postSolution
		{8A08432E-BC44-4594-A8E8-E0A17DD2480E}.Debug|Any CPU.ActiveCfg = Debug|Any CPU
		{8A08432E-BC44-4594-A8E8-E0A17DD2480E}.Debug|Any CPU.Build.0 = Debug|Any CPU
		{8A08432E-BC44-4594-A8E8-E0A17DD2480E}.Debug|Any CPU.Deploy.0 = Debug|Any CPU
		{8A08432E-BC44-4594-A8E8-E0A17DD2480E}.Debug|iPhone.ActiveCfg = Debug|Any CPU
		{8A08432E-BC44-4594-A8E8-E0A17DD2480E}.Debug|iPhone.Build.0 = Debug|Any CPU
		{8A08432E-BC44-4594-A8E8-E0A17DD2480E}.Debug|iPhone.Deploy.0 = Debug|Any CPU
		{8A08432E-BC44-4594-A8E8-E0A17DD2480E}.Debug|iPhoneSimulator.ActiveCfg = Debug|Any CPU
		{8A08432E-BC44-4594-A8E8-E0A17DD2480E}.Debug|iPhoneSimulator.Build.0 = Debug|Any CPU
		{8A08432E-BC44-4594-A8E8-E0A17DD2480E}.Debug|iPhoneSimulator.Deploy.0 = Debug|Any CPU
		{8A08432E-BC44-4594-A8E8-E0A17DD2480E}.Release|Any CPU.ActiveCfg = Release|Any CPU
		{8A08432E-BC44-4594-A8E8-E0A17DD2480E}.Release|Any CPU.Build.0 = Release|Any CPU
		{8A08432E-BC44-4594-A8E8-E0A17DD2480E}.Release|Any CPU.Deploy.0 = Release|Any CPU
		{8A08432E-BC44-4594-A8E8-E0A17DD2480E}.Release|iPhone.ActiveCfg = Release|Any CPU
		{8A08432E-BC44-4594-A8E8-E0A17DD2480E}.Release|iPhone.Build.0 = Release|Any CPU
		{8A08432E-BC44-4594-A8E8-E0A17DD2480E}.Release|iPhone.Deploy.0 = Release|Any CPU
		{8A08432E-BC44-4594-A8E8-E0A17DD2480E}.Release|iPhoneSimulator.ActiveCfg = Release|Any CPU
		{8A08432E-BC44-4594-A8E8-E0A17DD2480E}.Release|iPhoneSimulator.Build.0 = Release|Any CPU
		{8A08432E-BC44-4594-A8E8-E0A17DD2480E}.Release|iPhoneSimulator.Deploy.0 = Release|Any CPU
		{26ECA24B-C990-4B15-A901-0ADCF547A6D2}.Debug|Any CPU.ActiveCfg = Debug|iPhone
		{26ECA24B-C990-4B15-A901-0ADCF547A6D2}.Debug|Any CPU.Build.0 = Debug|iPhone
		{26ECA24B-C990-4B15-A901-0ADCF547A6D2}.Debug|Any CPU.Deploy.0 = Debug|iPhone
		{26ECA24B-C990-4B15-A901-0ADCF547A6D2}.Debug|iPhone.ActiveCfg = Debug|iPhone
		{26ECA24B-C990-4B15-A901-0ADCF547A6D2}.Debug|iPhone.Build.0 = Debug|iPhone
		{26ECA24B-C990-4B15-A901-0ADCF547A6D2}.Debug|iPhone.Deploy.0 = Debug|iPhone
		{26ECA24B-C990-4B15-A901-0ADCF547A6D2}.Debug|iPhoneSimulator.ActiveCfg = Debug|iPhoneSimulator
		{26ECA24B-C990-4B15-A901-0ADCF547A6D2}.Debug|iPhoneSimulator.Build.0 = Debug|iPhoneSimulator
		{26ECA24B-C990-4B15-A901-0ADCF547A6D2}.Debug|iPhoneSimulator.Deploy.0 = Debug|iPhoneSimulator
		{26ECA24B-C990-4B15-A901-0ADCF547A6D2}.Release|Any CPU.ActiveCfg = Release|iPhone
		{26ECA24B-C990-4B15-A901-0ADCF547A6D2}.Release|Any CPU.Build.0 = Release|iPhone
		{26ECA24B-C990-4B15-A901-0ADCF547A6D2}.Release|Any CPU.Deploy.0 = Release|iPhone
		{26ECA24B-C990-4B15-A901-0ADCF547A6D2}.Release|iPhone.ActiveCfg = Release|iPhone
		{26ECA24B-C990-4B15-A901-0ADCF547A6D2}.Release|iPhone.Build.0 = Release|iPhone
		{26ECA24B-C990-4B15-A901-0ADCF547A6D2}.Release|iPhone.Deploy.0 = Release|iPhone
		{26ECA24B-C990-4B15-A901-0ADCF547A6D2}.Release|iPhoneSimulator.ActiveCfg = Release|iPhoneSimulator
		{26ECA24B-C990-4B15-A901-0ADCF547A6D2}.Release|iPhoneSimulator.Build.0 = Release|iPhoneSimulator
		{26ECA24B-C990-4B15-A901-0ADCF547A6D2}.Release|iPhoneSimulator.Deploy.0 = Release|iPhoneSimulator
		{53067CC5-7DC1-4882-B3DB-104913118357}.Debug|Any CPU.ActiveCfg = Debug|Any CPU
		{53067CC5-7DC1-4882-B3DB-104913118357}.Debug|Any CPU.Build.0 = Debug|Any CPU
		{53067CC5-7DC1-4882-B3DB-104913118357}.Debug|Any CPU.Deploy.0 = Debug|Any CPU
		{53067CC5-7DC1-4882-B3DB-104913118357}.Debug|iPhone.ActiveCfg = Debug|Any CPU
		{53067CC5-7DC1-4882-B3DB-104913118357}.Debug|iPhone.Build.0 = Debug|Any CPU
		{53067CC5-7DC1-4882-B3DB-104913118357}.Debug|iPhone.Deploy.0 = Debug|Any CPU
		{53067CC5-7DC1-4882-B3DB-104913118357}.Debug|iPhoneSimulator.ActiveCfg = Debug|Any CPU
		{53067CC5-7DC1-4882-B3DB-104913118357}.Debug|iPhoneSimulator.Build.0 = Debug|Any CPU
		{53067CC5-7DC1-4882-B3DB-104913118357}.Debug|iPhoneSimulator.Deploy.0 = Debug|Any CPU
		{53067CC5-7DC1-4882-B3DB-104913118357}.Release|Any CPU.ActiveCfg = Release|Any CPU
		{53067CC5-7DC1-4882-B3DB-104913118357}.Release|Any CPU.Build.0 = Release|Any CPU
		{53067CC5-7DC1-4882-B3DB-104913118357}.Release|Any CPU.Deploy.0 = Release|Any CPU
		{53067CC5-7DC1-4882-B3DB-104913118357}.Release|iPhone.ActiveCfg = Release|Any CPU
		{53067CC5-7DC1-4882-B3DB-104913118357}.Release|iPhone.Build.0 = Release|Any CPU
		{53067CC5-7DC1-4882-B3DB-104913118357}.Release|iPhone.Deploy.0 = Release|Any CPU
		{53067CC5-7DC1-4882-B3DB-104913118357}.Release|iPhoneSimulator.ActiveCfg = Release|Any CPU
		{53067CC5-7DC1-4882-B3DB-104913118357}.Release|iPhoneSimulator.Build.0 = Release|Any CPU
		{53067CC5-7DC1-4882-B3DB-104913118357}.Release|iPhoneSimulator.Deploy.0 = Release|Any CPU
	EndGlobalSection
	GlobalSection(SolutionProperties) = preSolution
		HideSolutionNode = FALSE
	EndGlobalSection
	GlobalSection(ExtensibilityGlobals) = postSolution
		SolutionGuid = {3E2159D3-AB48-4EFC-B48B-A6BE299E9879}
	EndGlobalSection
EndGlobal
